
Microsoft Visual Studio Solution File, Format Version 12.00
# Visual Studio Version 17
VisualStudioVersion = 17.11.35327.3
MinimumVisualStudioVersion = 10.0.40219.1
Project("{FAE04EC0-301F-11D3-BF4B-00C04F79EFBC}") = "Silo", "Silo\Silo.csproj", "{38C407B5-208C-4C34-9F43-B54066E0402E}"
EndProject
Project("{FAE04EC0-301F-11D3-BF4B-00C04F79EFBC}") = "Proto", "Proto\Proto.csproj", "{4DD92A91-9174-4157-A848-7FF0B63028FC}"
EndProject
Project("{FAE04EC0-301F-11D3-BF4B-00C04F79EFBC}") = "Kafka", "Kafka\Kafka.csproj", "{B5D4684A-A318-4E3A-8331-56F9A901C746}"
EndProject
Project("{FAE04EC0-301F-11D3-BF4B-00C04F79EFBC}") = "Grains", "Grains\Grains.csproj", "{6CC8C639-311D-4338-B029-3F4F7EFBCD5B}"
EndProject
Project("{FAE04EC0-301F-11D3-BF4B-00C04F79EFBC}") = "Client", "Client\Client.csproj", "{DE82BE00-43B0-44AC-96BD-0931A342B44D}"
EndProject
Global
	GlobalSection(SolutionConfigurationPlatforms) = preSolution
		Debug|Any CPU = Debug|Any CPU
		Release|Any CPU = Release|Any CPU
	EndGlobalSection
	GlobalSection(ProjectConfigurationPlatforms) = postSolution
		{38C407B5-208C-4C34-9F43-B54066E0402E}.Debug|Any CPU.ActiveCfg = Debug|Any CPU
		{38C407B5-208C-4C34-9F43-B54066E0402E}.Debug|Any CPU.Build.0 = Debug|Any CPU
		{38C407B5-208C-4C34-9F43-B54066E0402E}.Release|Any CPU.ActiveCfg = Release|Any CPU
		{38C407B5-208C-4C34-9F43-B54066E0402E}.Release|Any CPU.Build.0 = Release|Any CPU
		{4DD92A91-9174-4157-A848-7FF0B63028FC}.Debug|Any CPU.ActiveCfg = Debug|Any CPU
		{4DD92A91-9174-4157-A848-7FF0B63028FC}.Debug|Any CPU.Build.0 = Debug|Any CPU
		{4DD92A91-9174-4157-A848-7FF0B63028FC}.Release|Any CPU.ActiveCfg = Release|Any CPU
		{4DD92A91-9174-4157-A848-7FF0B63028FC}.Release|Any CPU.Build.0 = Release|Any CPU
		{B5D4684A-A318-4E3A-8331-56F9A901C746}.Debug|Any CPU.ActiveCfg = Debug|Any CPU
		{B5D4684A-A318-4E3A-8331-56F9A901C746}.Debug|Any CPU.Build.0 = Debug|Any CPU
		{B5D4684A-A318-4E3A-8331-56F9A901C746}.Release|Any CPU.ActiveCfg = Release|Any CPU
		{B5D4684A-A318-4E3A-8331-56F9A901C746}.Release|Any CPU.Build.0 = Release|Any CPU
		{6CC8C639-311D-4338-B029-3F4F7EFBCD5B}.Debug|Any CPU.ActiveCfg = Debug|Any CPU
		{6CC8C639-311D-4338-B029-3F4F7EFBCD5B}.Debug|Any CPU.Build.0 = Debug|Any CPU
		{6CC8C639-311D-4338-B029-3F4F7EFBCD5B}.Release|Any CPU.ActiveCfg = Release|Any CPU
		{6CC8C639-311D-4338-B029-3F4F7EFBCD5B}.Release|Any CPU.Build.0 = Release|Any CPU
		{DE82BE00-43B0-44AC-96BD-0931A342B44D}.Debug|Any CPU.ActiveCfg = Debug|Any CPU
		{DE82BE00-43B0-44AC-96BD-0931A342B44D}.Debug|Any CPU.Build.0 = Debug|Any CPU
		{DE82BE00-43B0-44AC-96BD-0931A342B44D}.Release|Any CPU.ActiveCfg = Release|Any CPU
		{DE82BE00-43B0-44AC-96BD-0931A342B44D}.Release|Any CPU.Build.0 = Release|Any CPU
	EndGlobalSection
	GlobalSection(SolutionProperties) = preSolution
		HideSolutionNode = FALSE
	EndGlobalSection
	GlobalSection(ExtensibilityGlobals) = postSolution
		SolutionGuid = {184C20AA-8F5A-4A22-BC07-6B83C2C07D93}
	EndGlobalSection
EndGlobal
